
Microsoft Visual Studio Solution File, Format Version 12.00
# Visual Studio Version 16
VisualStudioVersion = 25.0.1703.5
MinimumVisualStudioVersion = 10.0.40219.1
Project("{FAE04EC0-301F-11D3-BF4B-00C04F79EFBC}") = "leftover-backend", "leftover-backend.csproj", "{9618D29F-D74D-438A-A4F2-E65BB739CC23}"
EndProject
Global
	GlobalSection(SolutionConfigurationPlatforms) = preSolution
		Debug|Any CPU = Debug|Any CPU
		Release|Any CPU = Release|Any CPU
	EndGlobalSection
	GlobalSection(ProjectConfigurationPlatforms) = postSolution
		{9618D29F-D74D-438A-A4F2-E65BB739CC23}.Debug|Any CPU.ActiveCfg = Debug|Any CPU
		{9618D29F-D74D-438A-A4F2-E65BB739CC23}.Debug|Any CPU.Build.0 = Debug|Any CPU
		{9618D29F-D74D-438A-A4F2-E65BB739CC23}.Release|Any CPU.ActiveCfg = Release|Any CPU
		{9618D29F-D74D-438A-A4F2-E65BB739CC23}.Release|Any CPU.Build.0 = Release|Any CPU
	EndGlobalSection
	GlobalSection(SolutionProperties) = preSolution
		HideSolutionNode = FALSE
	EndGlobalSection
	GlobalSection(ExtensibilityGlobals) = postSolution
		SolutionGuid = {BA70B26D-A061-40B1-AF37-2A7944A2A3E1}
	EndGlobalSection
EndGlobal
